// !$*UTF8*$!
{
	archiveVersion = 1;
	classes = {
	};
	objectVersion = 46;
	objects = {

/* Begin PBXBuildFile section */
		FBE3E77C1BB9853D00C643CF /* main.m in Sources */ = {isa = PBXBuildFile; fileRef = FBE3E77B1BB9853D00C643CF /* main.m */; };
		FBE3E77F1BB9853D00C643CF /* AppDelegate.m in Sources */ = {isa = PBXBuildFile; fileRef = FBE3E77E1BB9853D00C643CF /* AppDelegate.m */; };
		FBE3E7821BB9853D00C643CF /* ViewController.m in Sources */ = {isa = PBXBuildFile; fileRef = FBE3E7811BB9853D00C643CF /* ViewController.m */; };
		FBE3E7851BB9853D00C643CF /* Main.storyboard in Resources */ = {isa = PBXBuildFile; fileRef = FBE3E7831BB9853D00C643CF /* Main.storyboard */; };
		FBE3E7871BB9853D00C643CF /* Images.xcassets in Resources */ = {isa = PBXBuildFile; fileRef = FBE3E7861BB9853D00C643CF /* Images.xcassets */; };
		FBE3E78A1BB9853D00C643CF /* LaunchScreen.xib in Resources */ = {isa = PBXBuildFile; fileRef = FBE3E7881BB9853D00C643CF /* LaunchScreen.xib */; };
		FBE3E7961BB9853D00C643CF /* CountrySelectControllerTests.m in Sources */ = {isa = PBXBuildFile; fileRef = FBE3E7951BB9853D00C643CF /* CountrySelectControllerTests.m */; };
		FBE3E7F01BB9A0B200C643CF /* country_en.plist in Resources */ = {isa = PBXBuildFile; fileRef = FBE3E7E81BB9A0B200C643CF /* country_en.plist */; };
		FBE3E7F11BB9A0B200C643CF /* country_zh.plist in Resources */ = {isa = PBXBuildFile; fileRef = FBE3E7E91BB9A0B200C643CF /* country_zh.plist */; };
		FBE3E7F21BB9A0B200C643CF /* CountryAndAreaCode.m in Sources */ = {isa = PBXBuildFile; fileRef = FBE3E7EB1BB9A0B200C643CF /* CountryAndAreaCode.m */; };
		FBE3E7F31BB9A0B200C643CF /* CountryChooseController.m in Sources */ = {isa = PBXBuildFile; fileRef = FBE3E7ED1BB9A0B200C643CF /* CountryChooseController.m */; };
		FBE3E7F41BB9A0B200C643CF /* NSDictionary-DeepMutableCopy.m in Sources */ = {isa = PBXBuildFile; fileRef = FBE3E7EF1BB9A0B200C643CF /* NSDictionary-DeepMutableCopy.m */; };
/* End PBXBuildFile section */

/* Begin PBXContainerItemProxy section */
		FBE3E7901BB9853D00C643CF /* PBXContainerItemProxy */ = {
			isa = PBXContainerItemProxy;
			containerPortal = FBE3E76E1BB9853D00C643CF /* Project object */;
			proxyType = 1;
			remoteGlobalIDString = FBE3E7751BB9853D00C643CF;
			remoteInfo = CountrySelectController;
		};
/* End PBXContainerItemProxy section */

/* Begin PBXFileReference section */
		FBE3E7761BB9853D00C643CF /* CountrySelectController.app */ = {isa = PBXFileReference; explicitFileType = wrapper.application; includeInIndex = 0; path = CountrySelectController.app; sourceTree = BUILT_PRODUCTS_DIR; };
		FBE3E77A1BB9853D00C643CF /* Info.plist */ = {isa = PBXFileReference; lastKnownFileType = text.plist.xml; path = Info.plist; sourceTree = "<group>"; };
		FBE3E77B1BB9853D00C643CF /* main.m */ = {isa = PBXFileReference; lastKnownFileType = sourcecode.c.objc; path = main.m; sourceTree = "<group>"; };
		FBE3E77D1BB9853D00C643CF /* AppDelegate.h */ = {isa = PBXFileReference; lastKnownFileType = sourcecode.c.h; path = AppDelegate.h; sourceTree = "<group>"; };
		FBE3E77E1BB9853D00C643CF /* AppDelegate.m */ = {isa = PBXFileReference; lastKnownFileType = sourcecode.c.objc; path = AppDelegate.m; sourceTree = "<group>"; };
		FBE3E7801BB9853D00C643CF /* ViewController.h */ = {isa = PBXFileReference; lastKnownFileType = sourcecode.c.h; path = ViewController.h; sourceTree = "<group>"; };
		FBE3E7811BB9853D00C643CF /* ViewController.m */ = {isa = PBXFileReference; lastKnownFileType = sourcecode.c.objc; path = ViewController.m; sourceTree = "<group>"; };
		FBE3E7841BB9853D00C643CF /* Base */ = {isa = PBXFileReference; lastKnownFileType = file.storyboard; name = Base; path = Base.lproj/Main.storyboard; sourceTree = "<group>"; };
		FBE3E7861BB9853D00C643CF /* Images.xcassets */ = {isa = PBXFileReference; lastKnownFileType = folder.assetcatalog; path = Images.xcassets; sourceTree = "<group>"; };
		FBE3E7891BB9853D00C643CF /* Base */ = {isa = PBXFileReference; lastKnownFileType = file.xib; name = Base; path = Base.lproj/LaunchScreen.xib; sourceTree = "<group>"; };
		FBE3E78F1BB9853D00C643CF /* CountrySelectControllerTests.xctest */ = {isa = PBXFileReference; explicitFileType = wrapper.cfbundle; includeInIndex = 0; path = CountrySelectControllerTests.xctest; sourceTree = BUILT_PRODUCTS_DIR; };
		FBE3E7941BB9853D00C643CF /* Info.plist */ = {isa = PBXFileReference; lastKnownFileType = text.plist.xml; path = Info.plist; sourceTree = "<group>"; };
		FBE3E7951BB9853D00C643CF /* CountrySelectControllerTests.m */ = {isa = PBXFileReference; lastKnownFileType = sourcecode.c.objc; path = CountrySelectControllerTests.m; sourceTree = "<group>"; };
		FBE3E7E81BB9A0B200C643CF /* country_en.plist */ = {isa = PBXFileReference; fileEncoding = 4; lastKnownFileType = text.plist.xml; path = country_en.plist; sourceTree = "<group>"; };
		FBE3E7E91BB9A0B200C643CF /* country_zh.plist */ = {isa = PBXFileReference; fileEncoding = 4; lastKnownFileType = text.plist.xml; path = country_zh.plist; sourceTree = "<group>"; };
		FBE3E7EA1BB9A0B200C643CF /* CountryAndAreaCode.h */ = {isa = PBXFileReference; fileEncoding = 4; lastKnownFileType = sourcecode.c.h; path = CountryAndAreaCode.h; sourceTree = "<group>"; };
		FBE3E7EB1BB9A0B200C643CF /* CountryAndAreaCode.m */ = {isa = PBXFileReference; fileEncoding = 4; lastKnownFileType = sourcecode.c.objc; path = CountryAndAreaCode.m; sourceTree = "<group>"; };
		FBE3E7EC1BB9A0B200C643CF /* CountryChooseController.h */ = {isa = PBXFileReference; fileEncoding = 4; lastKnownFileType = sourcecode.c.h; path = CountryChooseController.h; sourceTree = "<group>"; };
		FBE3E7ED1BB9A0B200C643CF /* CountryChooseController.m */ = {isa = PBXFileReference; fileEncoding = 4; lastKnownFileType = sourcecode.c.objc; path = CountryChooseController.m; sourceTree = "<group>"; };
		FBE3E7EE1BB9A0B200C643CF /* NSDictionary-DeepMutableCopy.h */ = {isa = PBXFileReference; fileEncoding = 4; lastKnownFileType = sourcecode.c.h; path = "NSDictionary-DeepMutableCopy.h"; sourceTree = "<group>"; };
		FBE3E7EF1BB9A0B200C643CF /* NSDictionary-DeepMutableCopy.m */ = {isa = PBXFileReference; fileEncoding = 4; lastKnownFileType = sourcecode.c.objc; path = "NSDictionary-DeepMutableCopy.m"; sourceTree = "<group>"; };
/* End PBXFileReference section */

/* Begin PBXFrameworksBuildPhase section */
		FBE3E7731BB9853D00C643CF /* Frameworks */ = {
			isa = PBXFrameworksBuildPhase;
			buildActionMask = 2147483647;
			files = (
			);
			runOnlyForDeploymentPostprocessing = 0;
		};
		FBE3E78C1BB9853D00C643CF /* Frameworks */ = {
			isa = PBXFrameworksBuildPhase;
			buildActionMask = 2147483647;
			files = (
			);
			runOnlyForDeploymentPostprocessing = 0;
		};
/* End PBXFrameworksBuildPhase section */

/* Begin PBXGroup section */
		FBE3E76D1BB9853D00C643CF = {
			isa = PBXGroup;
			children = (
				FBE3E7781BB9853D00C643CF /* CountrySelectController */,
				FBE3E7921BB9853D00C643CF /* CountrySelectControllerTests */,
				FBE3E7771BB9853D00C643CF /* Products */,
			);
			sourceTree = "<group>";
		};
		FBE3E7771BB9853D00C643CF /* Products */ = {
			isa = PBXGroup;
			children = (
				FBE3E7761BB9853D00C643CF /* CountrySelectController.app */,
				FBE3E78F1BB9853D00C643CF /* CountrySelectControllerTests.xctest */,
			);
			name = Products;
			sourceTree = "<group>";
		};
		FBE3E7781BB9853D00C643CF /* CountrySelectController */ = {
			isa = PBXGroup;
			children = (
				FBE3E7E71BB9A0B200C643CF /* CountryChoose */,
				FBE3E77D1BB9853D00C643CF /* AppDelegate.h */,
				FBE3E77E1BB9853D00C643CF /* AppDelegate.m */,
				FBE3E7801BB9853D00C643CF /* ViewController.h */,
				FBE3E7811BB9853D00C643CF /* ViewController.m */,
				FBE3E7831BB9853D00C643CF /* Main.storyboard */,
				FBE3E7861BB9853D00C643CF /* Images.xcassets */,
				FBE3E7881BB9853D00C643CF /* LaunchScreen.xib */,
				FBE3E7791BB9853D00C643CF /* Supporting Files */,
			);
			path = CountrySelectController;
			sourceTree = "<group>";
		};
		FBE3E7791BB9853D00C643CF /* Supporting Files */ = {
			isa = PBXGroup;
			children = (
				FBE3E77A1BB9853D00C643CF /* Info.plist */,
				FBE3E77B1BB9853D00C643CF /* main.m */,
			);
			name = "Supporting Files";
			sourceTree = "<group>";
		};
		FBE3E7921BB9853D00C643CF /* CountrySelectControllerTests */ = {
			isa = PBXGroup;
			children = (
				FBE3E7951BB9853D00C643CF /* CountrySelectControllerTests.m */,
				FBE3E7931BB9853D00C643CF /* Supporting Files */,
			);
			path = CountrySelectControllerTests;
			sourceTree = "<group>";
		};
		FBE3E7931BB9853D00C643CF /* Supporting Files */ = {
			isa = PBXGroup;
			children = (
				FBE3E7941BB9853D00C643CF /* Info.plist */,
			);
			name = "Supporting Files";
			sourceTree = "<group>";
		};
		FBE3E7E71BB9A0B200C643CF /* CountryChoose */ = {
			isa = PBXGroup;
			children = (
				FBE3E7E81BB9A0B200C643CF /* country_en.plist */,
				FBE3E7E91BB9A0B200C643CF /* country_zh.plist */,
				FBE3E7EA1BB9A0B200C643CF /* CountryAndAreaCode.h */,
				FBE3E7EB1BB9A0B200C643CF /* CountryAndAreaCode.m */,
				FBE3E7EC1BB9A0B200C643CF /* CountryChooseController.h */,
				FBE3E7ED1BB9A0B200C643CF /* CountryChooseController.m */,
				FBE3E7EE1BB9A0B200C643CF /* NSDictionary-DeepMutableCopy.h */,
				FBE3E7EF1BB9A0B200C643CF /* NSDictionary-DeepMutableCopy.m */,
			);
			path = CountryChoose;
			sourceTree = "<group>";
		};
/* End PBXGroup section */

/* Begin PBXNativeTarget section */
		FBE3E7751BB9853D00C643CF /* CountrySelectController */ = {
			isa = PBXNativeTarget;
			buildConfigurationList = FBE3E7991BB9853D00C643CF /* Build configuration list for PBXNativeTarget "CountrySelectController" */;
			buildPhases = (
				FBE3E7721BB9853D00C643CF /* Sources */,
				FBE3E7731BB9853D00C643CF /* Frameworks */,
				FBE3E7741BB9853D00C643CF /* Resources */,
			);
			buildRules = (
			);
			dependencies = (
			);
			name = CountrySelectController;
			productName = CountrySelectController;
			productReference = FBE3E7761BB9853D00C643CF /* CountrySelectController.app */;
			productType = "com.apple.product-type.application";
		};
		FBE3E78E1BB9853D00C643CF /* CountrySelectControllerTests */ = {
			isa = PBXNativeTarget;
			buildConfigurationList = FBE3E79C1BB9853D00C643CF /* Build configuration list for PBXNativeTarget "CountrySelectControllerTests" */;
			buildPhases = (
				FBE3E78B1BB9853D00C643CF /* Sources */,
				FBE3E78C1BB9853D00C643CF /* Frameworks */,
				FBE3E78D1BB9853D00C643CF /* Resources */,
			);
			buildRules = (
			);
			dependencies = (
				FBE3E7911BB9853D00C643CF /* PBXTargetDependency */,
			);
			name = CountrySelectControllerTests;
			productName = CountrySelectControllerTests;
			productReference = FBE3E78F1BB9853D00C643CF /* CountrySelectControllerTests.xctest */;
			productType = "com.apple.product-type.bundle.unit-test";
		};
/* End PBXNativeTarget section */

/* Begin PBXProject section */
		FBE3E76E1BB9853D00C643CF /* Project object */ = {
			isa = PBXProject;
			attributes = {
				LastUpgradeCheck = 0640;
				ORGANIZATIONNAME = "Shaojie Hong";
				TargetAttributes = {
					FBE3E7751BB9853D00C643CF = {
						CreatedOnToolsVersion = 6.4;
					};
					FBE3E78E1BB9853D00C643CF = {
						CreatedOnToolsVersion = 6.4;
						TestTargetID = FBE3E7751BB9853D00C643CF;
					};
				};
			};
			buildConfigurationList = FBE3E7711BB9853D00C643CF /* Build configuration list for PBXProject "CountrySelectController" */;
			compatibilityVersion = "Xcode 3.2";
			developmentRegion = English;
			hasScannedForEncodings = 0;
			knownRegions = (
				en,
				Base,
			);
			mainGroup = FBE3E76D1BB9853D00C643CF;
			productRefGroup = FBE3E7771BB9853D00C643CF /* Products */;
			projectDirPath = "";
			projectRoot = "";
			targets = (
				FBE3E7751BB9853D00C643CF /* CountrySelectController */,
				FBE3E78E1BB9853D00C643CF /* CountrySelectControllerTests */,
			);
		};
/* End PBXProject section */

/* Begin PBXResourcesBuildPhase section */
		FBE3E7741BB9853D00C643CF /* Resources */ = {
			isa = PBXResourcesBuildPhase;
			buildActionMask = 2147483647;
			files = (
				FBE3E7F01BB9A0B200C643CF /* country_en.plist in Resources */,
				FBE3E7851BB9853D00C643CF /* Main.storyboard in Resources */,
				FBE3E7F11BB9A0B200C643CF /* country_zh.plist in Resources */,
				FBE3E78A1BB9853D00C643CF /* LaunchScreen.xib in Resources */,
				FBE3E7871BB9853D00C643CF /* Images.xcassets in Resources */,
			);
			runOnlyForDeploymentPostprocessing = 0;
		};
		FBE3E78D1BB9853D00C643CF /* Resources */ = {
			isa = PBXResourcesBuildPhase;
			buildActionMask = 2147483647;
			files = (
			);
			runOnlyForDeploymentPostprocessing = 0;
		};
/* End PBXResourcesBuildPhase section */

/* Begin PBXSourcesBuildPhase section */
		FBE3E7721BB9853D00C643CF /* Sources */ = {
			isa = PBXSourcesBuildPhase;
			buildActionMask = 2147483647;
			files = (
				FBE3E7F41BB9A0B200C643CF /* NSDictionary-DeepMutableCopy.m in Sources */,
				FBE3E7F31BB9A0B200C643CF /* CountryChooseController.m in Sources */,
				FBE3E7821BB9853D00C643CF /* ViewController.m in Sources */,
				FBE3E77F1BB9853D00C643CF /* AppDelegate.m in Sources */,
				FBE3E7F21BB9A0B200C643CF /* CountryAndAreaCode.m in Sources */,
				FBE3E77C1BB9853D00C643CF /* main.m in Sources */,
			);
			runOnlyForDeploymentPostprocessing = 0;
		};
		FBE3E78B1BB9853D00C643CF /* Sources */ = {
			isa = PBXSourcesBuildPhase;
			buildActionMask = 2147483647;
			files = (
				FBE3E7961BB9853D00C643CF /* CountrySelectControllerTests.m in Sources */,
			);
			runOnlyForDeploymentPostprocessing = 0;
		};
/* End PBXSourcesBuildPhase section */

/* Begin PBXTargetDependency section */
		FBE3E7911BB9853D00C643CF /* PBXTargetDependency */ = {
			isa = PBXTargetDependency;
			target = FBE3E7751BB9853D00C643CF /* CountrySelectController */;
			targetProxy = FBE3E7901BB9853D00C643CF /* PBXContainerItemProxy */;
		};
/* End PBXTargetDependency section */

/* Begin PBXVariantGroup section */
		FBE3E7831BB9853D00C643CF /* Main.storyboard */ = {
			isa = PBXVariantGroup;
			children = (
				FBE3E7841BB9853D00C643CF /* Base */,
			);
			name = Main.storyboard;
			sourceTree = "<group>";
		};
		FBE3E7881BB9853D00C643CF /* LaunchScreen.xib */ = {
			isa = PBXVariantGroup;
			children = (
				FBE3E7891BB9853D00C643CF /* Base */,
			);
			name = LaunchScreen.xib;
			sourceTree = "<group>";
		};
/* End PBXVariantGroup section */

/* Begin XCBuildConfiguration section */
		FBE3E7971BB9853D00C643CF /* Debug */ = {
			isa = XCBuildConfiguration;
			buildSettings = {
				ALWAYS_SEARCH_USER_PATHS = NO;
				CLANG_CXX_LANGUAGE_STANDARD = "gnu++0x";
				CLANG_CXX_LIBRARY = "libc++";
				CLANG_ENABLE_MODULES = YES;
				CLANG_ENABLE_OBJC_ARC = YES;
				CLANG_WARN_BOOL_CONVERSION = YES;
				CLANG_WARN_CONSTANT_CONVERSION = YES;
				CLANG_WARN_DIRECT_OBJC_ISA_USAGE = YES_ERROR;
				CLANG_WARN_EMPTY_BODY = YES;
				CLANG_WARN_ENUM_CONVERSION = YES;
				CLANG_WARN_INT_CONVERSION = YES;
				CLANG_WARN_OBJC_ROOT_CLASS = YES_ERROR;
				CLANG_WARN_UNREACHABLE_CODE = YES;
				CLANG_WARN__DUPLICATE_METHOD_MATCH = YES;
				"CODE_SIGN_IDENTITY[sdk=iphoneos*]" = "iPhone Developer";
				COPY_PHASE_STRIP = NO;
				DEBUG_INFORMATION_FORMAT = "dwarf-with-dsym";
				ENABLE_STRICT_OBJC_MSGSEND = YES;
				GCC_C_LANGUAGE_STANDARD = gnu99;
				GCC_DYNAMIC_NO_PIC = NO;
				GCC_NO_COMMON_BLOCKS = YES;
				GCC_OPTIMIZATION_LEVEL = 0;
				GCC_PREPROCESSOR_DEFINITIONS = (
					"DEBUG=1",
					"$(inherited)",
				);
				GCC_SYMBOLS_PRIVATE_EXTERN = NO;
				GCC_WARN_64_TO_32_BIT_CONVERSION = YES;
				GCC_WARN_ABOUT_RETURN_TYPE = YES_ERROR;
				GCC_WARN_UNDECLARED_SELECTOR = YES;
				GCC_WARN_UNINITIALIZED_AUTOS = YES_AGGRESSIVE;
				GCC_WARN_UNUSED_FUNCTION = YES;
				GCC_WARN_UNUSED_VARIABLE = YES;
				IPHONEOS_DEPLOYMENT_TARGET = 8.4;
				MTL_ENABLE_DEBUG_INFO = YES;
				ONLY_ACTIVE_ARCH = YES;
				SDKROOT = iphoneos;
				TARGETED_DEVICE_FAMILY = "1,2";
			};
			name = Debug;
		};
		FBE3E7981BB9853D00C643CF /* Release */ = {
			isa = XCBuildConfiguration;
			buildSettings = {
				ALWAYS_SEARCH_USER_PATHS = NO;
				CLANG_CXX_LANGUAGE_STANDARD = "gnu++0x";
				CLANG_CXX_LIBRARY = "libc++";
				CLANG_ENABLE_MODULES = YES;
				CLANG_ENABLE_OBJC_ARC = YES;
				CLANG_WARN_BOOL_CONVERSION = YES;
				CLANG_WARN_CONSTANT_CONVERSION = YES;
				CLANG_WARN_DIRECT_OBJC_ISA_USAGE = YES_ERROR;
				CLANG_WARN_EMPTY_BODY = YES;
				CLANG_WARN_ENUM_CONVERSION = YES;
				CLANG_WARN_INT_CONVERSION = YES;
				CLANG_WARN_OBJC_ROOT_CLASS = YES_ERROR;
				CLANG_WARN_UNREACHABLE_CODE = YES;
				CLANG_WARN__DUPLICATE_METHOD_MATCH = YES;
				"CODE_SIGN_IDENTITY[sdk=iphoneos*]" = "iPhone Developer";
				COPY_PHASE_STRIP = NO;
				DEBUG_INFORMATION_FORMAT = "dwarf-with-dsym";
				ENABLE_NS_ASSERTIONS = NO;
				ENABLE_STRICT_OBJC_MSGSEND = YES;
				GCC_C_LANGUAGE_STANDARD = gnu99;
				GCC_NO_COMMON_BLOCKS = YES;
				GCC_WARN_64_TO_32_BIT_CONVERSION = YES;
				GCC_WARN_ABOUT_RETURN_TYPE = YES_ERROR;
				GCC_WARN_UNDECLARED_SELECTOR = YES;
				GCC_WARN_UNINITIALIZED_AUTOS = YES_AGGRESSIVE;
				GCC_WARN_UNUSED_FUNCTION = YES;
				GCC_WARN_UNUSED_VARIABLE = YES;
				IPHONEOS_DEPLOYMENT_TARGET = 8.4;
				MTL_ENABLE_DEBUG_INFO = NO;
				SDKROOT = iphoneos;
				TARGETED_DEVICE_FAMILY = "1,2";
				VALIDATE_PRODUCT = YES;
			};
			name = Release;
		};
		FBE3E79A1BB9853D00C643CF /* Debug */ = {
			isa = XCBuildConfiguration;
			buildSettings = {
				ASSETCATALOG_COMPILER_APPICON_NAME = AppIcon;
				INFOPLIST_FILE = CountrySelectController/Info.plist;
				LD_RUNPATH_SEARCH_PATHS = "$(inherited) @executable_path/Frameworks";
				PRODUCT_NAME = "$(TARGET_NAME)";
			};
			name = Debug;
		};
		FBE3E79B1BB9853D00C643CF /* Release */ = {
			isa = XCBuildConfiguration;
			buildSettings = {
				ASSETCATALOG_COMPILER_APPICON_NAME = AppIcon;
				INFOPLIST_FILE = CountrySelectController/Info.plist;
				LD_RUNPATH_SEARCH_PATHS = "$(inherited) @executable_path/Frameworks";
				PRODUCT_NAME = "$(TARGET_NAME)";
			};
			name = Release;
		};
		FBE3E79D1BB9853D00C643CF /* Debug */ = {
			isa = XCBuildConfiguration;
			buildSettings = {
				BUNDLE_LOADER = "$(TEST_HOST)";
				FRAMEWORK_SEARCH_PATHS = (
					"$(SDKROOT)/Developer/Library/Frameworks",
					"$(inherited)",
				);
				GCC_PREPROCESSOR_DEFINITIONS = (
					"DEBUG=1",
					"$(inherited)",
				);
				INFOPLIST_FILE = CountrySelectControllerTests/Info.plist;
				LD_RUNPATH_SEARCH_PATHS = "$(inherited) @executable_path/Frameworks @loader_path/Frameworks";
				PRODUCT_NAME = "$(TARGET_NAME)";
				TEST_HOST = "$(BUILT_PRODUCTS_DIR)/CountrySelectController.app/CountrySelectController";
			};
			name = Debug;
		};
		FBE3E79E1BB9853D00C643CF /* Release */ = {
			isa = XCBuildConfiguration;
			buildSettings = {
				BUNDLE_LOADER = "$(TEST_HOST)";
				FRAMEWORK_SEARCH_PATHS = (
					"$(SDKROOT)/Developer/Library/Frameworks",
					"$(inherited)",
				);
				INFOPLIST_FILE = CountrySelectControllerTests/Info.plist;
				LD_RUNPATH_SEARCH_PATHS = "$(inherited) @executable_path/Frameworks @loader_path/Frameworks";
				PRODUCT_NAME = "$(TARGET_NAME)";
				TEST_HOST = "$(BUILT_PRODUCTS_DIR)/CountrySelectController.app/CountrySelectController";
			};
			name = Release;
		};
/* End XCBuildConfiguration section */

/* Begin XCConfigurationList section */
		FBE3E7711BB9853D00C643CF /* Build configuration list for PBXProject "CountrySelectController" */ = {
			isa = XCConfigurationList;
			buildConfigurations = (
				FBE3E7971BB9853D00C643CF /* Debug */,
				FBE3E7981BB9853D00C643CF /* Release */,
			);
			defaultConfigurationIsVisible = 0;
			defaultConfigurationName = Release;
		};
		FBE3E7991BB9853D00C643CF /* Build configuration list for PBXNativeTarget "CountrySelectController" */ = {
			isa = XCConfigurationList;
			buildConfigurations = (
				FBE3E79A1BB9853D00C643CF /* Debug */,
				FBE3E79B1BB9853D00C643CF /* Release */,
			);
			defaultConfigurationIsVisible = 0;
			defaultConfigurationName = Release;
		};
		FBE3E79C1BB9853D00C643CF /* Build configuration list for PBXNativeTarget "CountrySelectControllerTests" */ = {
			isa = XCConfigurationList;
			buildConfigurations = (
				FBE3E79D1BB9853D00C643CF /* Debug */,
				FBE3E79E1BB9853D00C643CF /* Release */,
			);
			defaultConfigurationIsVisible = 0;
			defaultConfigurationName = Release;
		};
/* End XCConfigurationList section */
	};
	rootObject = FBE3E76E1BB9853D00C643CF /* Project object */;
}
